
Microsoft Visual Studio Solution File, Format Version 12.00
# Visual Studio 15
Project("{FAE04EC0-301F-11D3-BF4B-00C04F79EFBC}") = "Lab_3.2", "Lab_3.2\Lab_3.2.csproj", "{5ED39175-0050-413B-AE4D-5A3BE079F3AA}"
EndProject
Global
	GlobalSection(SolutionConfigurationPlatforms) = preSolution
		Debug|Any CPU = Debug|Any CPU
		Release|Any CPU = Release|Any CPU
	EndGlobalSection
	GlobalSection(ProjectConfigurationPlatforms) = postSolution
		{5ED39175-0050-413B-AE4D-5A3BE079F3AA}.Debug|Any CPU.ActiveCfg = Debug|Any CPU
		{5ED39175-0050-413B-AE4D-5A3BE079F3AA}.Debug|Any CPU.Build.0 = Debug|Any CPU
		{5ED39175-0050-413B-AE4D-5A3BE079F3AA}.Release|Any CPU.ActiveCfg = Release|Any CPU
		{5ED39175-0050-413B-AE4D-5A3BE079F3AA}.Release|Any CPU.Build.0 = Release|Any CPU
	EndGlobalSection
EndGlobal
